
Microsoft Visual Studio Solution File, Format Version 12.00
# Visual Studio Version 16
VisualStudioVersion = 16.0.31624.102
MinimumVisualStudioVersion = 10.0.40219.1
Project("{FAE04EC0-301F-11D3-BF4B-00C04F79EFBC}") = "Задача_6", "Задача_6\Задача_6.csproj", "{AD6B45FD-2AA2-4103-9D2E-B27089BA53CB}"
EndProject
Global
	GlobalSection(SolutionConfigurationPlatforms) = preSolution
		Debug|Any CPU = Debug|Any CPU
		Release|Any CPU = Release|Any CPU
	EndGlobalSection
	GlobalSection(ProjectConfigurationPlatforms) = postSolution
		{AD6B45FD-2AA2-4103-9D2E-B27089BA53CB}.Debug|Any CPU.ActiveCfg = Debug|Any CPU
		{AD6B45FD-2AA2-4103-9D2E-B27089BA53CB}.Debug|Any CPU.Build.0 = Debug|Any CPU
		{AD6B45FD-2AA2-4103-9D2E-B27089BA53CB}.Release|Any CPU.ActiveCfg = Release|Any CPU
		{AD6B45FD-2AA2-4103-9D2E-B27089BA53CB}.Release|Any CPU.Build.0 = Release|Any CPU
	EndGlobalSection
	GlobalSection(SolutionProperties) = preSolution
		HideSolutionNode = FALSE
	EndGlobalSection
	GlobalSection(ExtensibilityGlobals) = postSolution
		SolutionGuid = {10C7BD8F-87B2-4F66-9012-5CFEFEB35706}
	EndGlobalSection
EndGlobal
