
Microsoft Visual Studio Solution File, Format Version 12.00
# Visual Studio Version 16
VisualStudioVersion = 16.0.31624.102
MinimumVisualStudioVersion = 10.0.40219.1
Project("{FAE04EC0-301F-11D3-BF4B-00C04F79EFBC}") = "Задача_2", "Задача_2\Задача_2.csproj", "{D8B8D52F-3CE0-48C9-9DB3-FCF7065698F9}"
EndProject
Global
	GlobalSection(SolutionConfigurationPlatforms) = preSolution
		Debug|Any CPU = Debug|Any CPU
		Release|Any CPU = Release|Any CPU
	EndGlobalSection
	GlobalSection(ProjectConfigurationPlatforms) = postSolution
		{D8B8D52F-3CE0-48C9-9DB3-FCF7065698F9}.Debug|Any CPU.ActiveCfg = Debug|Any CPU
		{D8B8D52F-3CE0-48C9-9DB3-FCF7065698F9}.Debug|Any CPU.Build.0 = Debug|Any CPU
		{D8B8D52F-3CE0-48C9-9DB3-FCF7065698F9}.Release|Any CPU.ActiveCfg = Release|Any CPU
		{D8B8D52F-3CE0-48C9-9DB3-FCF7065698F9}.Release|Any CPU.Build.0 = Release|Any CPU
	EndGlobalSection
	GlobalSection(SolutionProperties) = preSolution
		HideSolutionNode = FALSE
	EndGlobalSection
	GlobalSection(ExtensibilityGlobals) = postSolution
		SolutionGuid = {18D9E4F6-12FD-403A-A039-35672CBE4BD6}
	EndGlobalSection
EndGlobal
